
Microsoft Visual Studio Solution File, Format Version 12.00
Project("{FAE04EC0-301F-11D3-BF4B-00C04F79EFBC}") = "LegoSolution1-10", "LegoSolution1-10\LegoSolution1-10.csproj", "{6BF781ED-EFB8-4499-8A26-CFAC27A3FA65}"
EndProject
Global
	GlobalSection(SolutionConfigurationPlatforms) = preSolution
		Debug|Any CPU = Debug|Any CPU
		Release|Any CPU = Release|Any CPU
	EndGlobalSection
	GlobalSection(ProjectConfigurationPlatforms) = postSolution
		{6BF781ED-EFB8-4499-8A26-CFAC27A3FA65}.Debug|Any CPU.ActiveCfg = Debug|Any CPU
		{6BF781ED-EFB8-4499-8A26-CFAC27A3FA65}.Debug|Any CPU.Build.0 = Debug|Any CPU
		{6BF781ED-EFB8-4499-8A26-CFAC27A3FA65}.Release|Any CPU.ActiveCfg = Release|Any CPU
		{6BF781ED-EFB8-4499-8A26-CFAC27A3FA65}.Release|Any CPU.Build.0 = Release|Any CPU
	EndGlobalSection
EndGlobal
